
Microsoft Visual Studio Solution File, Format Version 12.00
# Visual Studio Version 16
VisualStudioVersion = 25.0.1706.7
MinimumVisualStudioVersion = 10.0.40219.1
Project("{FAE04EC0-301F-11D3-BF4B-00C04F79EFBC}") = "futMatchSim", "futMatchSim.csproj", "{58D0F4EA-E653-4F65-A021-F87DD5E86E37}"
EndProject
Global
	GlobalSection(SolutionConfigurationPlatforms) = preSolution
		Debug|Any CPU = Debug|Any CPU
		Release|Any CPU = Release|Any CPU
	EndGlobalSection
	GlobalSection(ProjectConfigurationPlatforms) = postSolution
		{58D0F4EA-E653-4F65-A021-F87DD5E86E37}.Debug|Any CPU.ActiveCfg = Debug|Any CPU
		{58D0F4EA-E653-4F65-A021-F87DD5E86E37}.Debug|Any CPU.Build.0 = Debug|Any CPU
		{58D0F4EA-E653-4F65-A021-F87DD5E86E37}.Release|Any CPU.ActiveCfg = Release|Any CPU
		{58D0F4EA-E653-4F65-A021-F87DD5E86E37}.Release|Any CPU.Build.0 = Release|Any CPU
	EndGlobalSection
	GlobalSection(SolutionProperties) = preSolution
		HideSolutionNode = FALSE
	EndGlobalSection
	GlobalSection(ExtensibilityGlobals) = postSolution
		SolutionGuid = {EBC4EEB4-2668-4B59-B4AC-8B895C5708BA}
	EndGlobalSection
EndGlobal
